// !$*UTF8*$!
{
	archiveVersion = 1;
	classes = {
	};
	objectVersion = 56;
	objects = {

/* Begin PBXBuildFile section */
		BD2970672B9B589300055870 /* PropertiesEnvironment.swift in Sources */ = {isa = PBXBuildFile; fileRef = BD2970662B9B589300055870 /* PropertiesEnvironment.swift */; };
		BD29706A2B9C8F6600055870 /* ContractView.swift in Sources */ = {isa = PBXBuildFile; fileRef = BD2970692B9C8F6600055870 /* ContractView.swift */; };
		BD29706E2B9C905600055870 /* Contract.swift in Sources */ = {isa = PBXBuildFile; fileRef = BD29706D2B9C905600055870 /* Contract.swift */; };
		BD2970702B9C922500055870 /* ContractsApi.swift in Sources */ = {isa = PBXBuildFile; fileRef = BD29706F2B9C922500055870 /* ContractsApi.swift */; };
		BD2970732B9C94D400055870 /* DateDecodingStrategy+Ext.swift in Sources */ = {isa = PBXBuildFile; fileRef = BD2970722B9C94D400055870 /* DateDecodingStrategy+Ext.swift */; };
		BD2970752B9C9A5300055870 /* ContractCardViewModel.swift in Sources */ = {isa = PBXBuildFile; fileRef = BD2970742B9C9A5300055870 /* ContractCardViewModel.swift */; };
		BD2970772B9C9B0100055870 /* ContractsAlerts.swift in Sources */ = {isa = PBXBuildFile; fileRef = BD2970762B9C9B0100055870 /* ContractsAlerts.swift */; };
		BD2970792B9C9BF200055870 /* ContractEnvironment.swift in Sources */ = {isa = PBXBuildFile; fileRef = BD2970782B9C9BF200055870 /* ContractEnvironment.swift */; };
		BD29707B2B9CE2FD00055870 /* ContractFormViewModel.swift in Sources */ = {isa = PBXBuildFile; fileRef = BD29707A2B9CE2FD00055870 /* ContractFormViewModel.swift */; };
		BD29707E2B9CE42200055870 /* TenantFormView.swift in Sources */ = {isa = PBXBuildFile; fileRef = BD29707D2B9CE42200055870 /* TenantFormView.swift */; };
		BD2970812B9CE4BA00055870 /* ContractDataFormView.swift in Sources */ = {isa = PBXBuildFile; fileRef = BD2970802B9CE4BA00055870 /* ContractDataFormView.swift */; };
		BD2970832B9CE6C700055870 /* SaveContractDto.swift in Sources */ = {isa = PBXBuildFile; fileRef = BD2970822B9CE6C600055870 /* SaveContractDto.swift */; };
		BDDC8E5D2B8E3EB40019199C /* RentGuardApp.swift in Sources */ = {isa = PBXBuildFile; fileRef = BDDC8E5C2B8E3EB40019199C /* RentGuardApp.swift */; };
		BDDC8E5F2B8E3EB40019199C /* AuthGuard.swift in Sources */ = {isa = PBXBuildFile; fileRef = BDDC8E5E2B8E3EB40019199C /* AuthGuard.swift */; };
		BDDC8E612B8E3EB60019199C /* Assets.xcassets in Resources */ = {isa = PBXBuildFile; fileRef = BDDC8E602B8E3EB60019199C /* Assets.xcassets */; };
		BDDC8E642B8E3EB60019199C /* Preview Assets.xcassets in Resources */ = {isa = PBXBuildFile; fileRef = BDDC8E632B8E3EB60019199C /* Preview Assets.xcassets */; };
		BDDC8E6C2B8E435E0019199C /* MainView.swift in Sources */ = {isa = PBXBuildFile; fileRef = BDDC8E6B2B8E435E0019199C /* MainView.swift */; };
		BDDC8E6F2B8E43A00019199C /* HomeView.swift in Sources */ = {isa = PBXBuildFile; fileRef = BDDC8E6E2B8E43A00019199C /* HomeView.swift */; };
		BDDC8E722B8E43BB0019199C /* PropertiesView.swift in Sources */ = {isa = PBXBuildFile; fileRef = BDDC8E712B8E43BB0019199C /* PropertiesView.swift */; };
		BDDC8E752B8E43D30019199C /* AccountView.swift in Sources */ = {isa = PBXBuildFile; fileRef = BDDC8E742B8E43D30019199C /* AccountView.swift */; };
		BDDC8E782B8E44DF0019199C /* AuthView.swift in Sources */ = {isa = PBXBuildFile; fileRef = BDDC8E772B8E44DF0019199C /* AuthView.swift */; };
		BDDC8E7E2B8E486E0019199C /* Auth0 in Frameworks */ = {isa = PBXBuildFile; productRef = BDDC8E7D2B8E486E0019199C /* Auth0 */; };
		BDDC8E802B8E49580019199C /* Auth0.plist in Resources */ = {isa = PBXBuildFile; fileRef = BDDC8E7F2B8E49580019199C /* Auth0.plist */; };
		BDDC8E872B8F7D710019199C /* AuthManager.swift in Sources */ = {isa = PBXBuildFile; fileRef = BDDC8E862B8F7D700019199C /* AuthManager.swift */; };
		BDDC8E8A2B8F8ACB0019199C /* NetworkManager.swift in Sources */ = {isa = PBXBuildFile; fileRef = BDDC8E892B8F8ACB0019199C /* NetworkManager.swift */; };
		BDDC8E8E2B8F8B310019199C /* UserApi.swift in Sources */ = {isa = PBXBuildFile; fileRef = BDDC8E8D2B8F8B310019199C /* UserApi.swift */; };
		BDDC8E912B8F8B820019199C /* CreateUserDto.swift in Sources */ = {isa = PBXBuildFile; fileRef = BDDC8E902B8F8B820019199C /* CreateUserDto.swift */; };
		BDDC8E942B8F8BC20019199C /* Role.swift in Sources */ = {isa = PBXBuildFile; fileRef = BDDC8E932B8F8BC20019199C /* Role.swift */; };
		BDDC8E962B8F8CEF0019199C /* NetworkError.swift in Sources */ = {isa = PBXBuildFile; fileRef = BDDC8E952B8F8CEF0019199C /* NetworkError.swift */; };
		BDDC8E982B90DB130019199C /* User.swift in Sources */ = {isa = PBXBuildFile; fileRef = BDDC8E972B90DB130019199C /* User.swift */; };
		BDDC8E9B2B90DBBC0019199C /* HomeViewModel.swift in Sources */ = {isa = PBXBuildFile; fileRef = BDDC8E9A2B90DBBC0019199C /* HomeViewModel.swift */; };
		BDDC8E9F2B922E0A0019199C /* AlertsListView.swift in Sources */ = {isa = PBXBuildFile; fileRef = BDDC8E9E2B922E0A0019199C /* AlertsListView.swift */; };
		BDDC8EA32B922E390019199C /* AlertCardView.swift in Sources */ = {isa = PBXBuildFile; fileRef = BDDC8EA22B922E390019199C /* AlertCardView.swift */; };
		BDDC8EA52B9232BE0019199C /* AlertListViewModel.swift in Sources */ = {isa = PBXBuildFile; fileRef = BDDC8EA42B9232BE0019199C /* AlertListViewModel.swift */; };
		BDDC8EA82B9251C40019199C /* LoadingView.swift in Sources */ = {isa = PBXBuildFile; fileRef = BDDC8EA72B9251C40019199C /* LoadingView.swift */; };
		BDDC8EAB2B9253720019199C /* PropsMap.swift in Sources */ = {isa = PBXBuildFile; fileRef = BDDC8EAA2B9253720019199C /* PropsMap.swift */; };
		BDDC8EAE2B9253BA0019199C /* AlertsApi.swift in Sources */ = {isa = PBXBuildFile; fileRef = BDDC8EAD2B9253BA0019199C /* AlertsApi.swift */; };
		BDDC8EB12B9253DB0019199C /* UserAlert.swift in Sources */ = {isa = PBXBuildFile; fileRef = BDDC8EB02B9253DB0019199C /* UserAlert.swift */; };
		BDDC8EBA2B9641280019199C /* PropertyCardView.swift in Sources */ = {isa = PBXBuildFile; fileRef = BDDC8EB92B9641280019199C /* PropertyCardView.swift */; };
		BDDC8EBD2B9641680019199C /* Property.swift in Sources */ = {isa = PBXBuildFile; fileRef = BDDC8EBC2B9641680019199C /* Property.swift */; };
		BDDC8EC02B9647460019199C /* PropertiesApi.swift in Sources */ = {isa = PBXBuildFile; fileRef = BDDC8EBF2B9647460019199C /* PropertiesApi.swift */; };
		BDDC8EC42B9649EB0019199C /* EmptyState.swift in Sources */ = {isa = PBXBuildFile; fileRef = BDDC8EC32B9649EB0019199C /* EmptyState.swift */; };
		BDDC8EC72B9766990019199C /* PropertyFormView.swift in Sources */ = {isa = PBXBuildFile; fileRef = BDDC8EC62B9766990019199C /* PropertyFormView.swift */; };
		BDDC8EC92B9767DB0019199C /* PropertyFormViewModel.swift in Sources */ = {isa = PBXBuildFile; fileRef = BDDC8EC82B9767DB0019199C /* PropertyFormViewModel.swift */; };
		BDDC8ECF2B9776E30019199C /* PropertyDataFormView.swift in Sources */ = {isa = PBXBuildFile; fileRef = BDDC8ECE2B9776E30019199C /* PropertyDataFormView.swift */; };
		BDDC8ED22B9777790019199C /* DynamicFormView.swift in Sources */ = {isa = PBXBuildFile; fileRef = BDDC8ED12B9777790019199C /* DynamicFormView.swift */; };
		BDDC8ED52B97823C0019199C /* Alert.swift in Sources */ = {isa = PBXBuildFile; fileRef = BDDC8ED42B97823C0019199C /* Alert.swift */; };
		BDDC8ED82B9782A40019199C /* PropertiesAlerts.swift in Sources */ = {isa = PBXBuildFile; fileRef = BDDC8ED72B9782A40019199C /* PropertiesAlerts.swift */; };
		BDDC8EDA2B98D7C50019199C /* SavePropertyDto.swift in Sources */ = {isa = PBXBuildFile; fileRef = BDDC8ED92B98D7C50019199C /* SavePropertyDto.swift */; };
		BDDC8EDD2B98E4040019199C /* PropertyDetailsView.swift in Sources */ = {isa = PBXBuildFile; fileRef = BDDC8EDC2B98E4040019199C /* PropertyDetailsView.swift */; };
		BDDC8EE02B98E5590019199C /* DataCardView.swift in Sources */ = {isa = PBXBuildFile; fileRef = BDDC8EDF2B98E5590019199C /* DataCardView.swift */; };
		BDDC8EE32B98F0840019199C /* CarouselView.swift in Sources */ = {isa = PBXBuildFile; fileRef = BDDC8EE22B98F0840019199C /* CarouselView.swift */; };
		BDDC8EE62B98F0BD0019199C /* PropertyDataCardView.swift in Sources */ = {isa = PBXBuildFile; fileRef = BDDC8EE52B98F0BD0019199C /* PropertyDataCardView.swift */; };
		BDDC8EE92B98F1470019199C /* ContractCardView.swift in Sources */ = {isa = PBXBuildFile; fileRef = BDDC8EE82B98F1470019199C /* ContractCardView.swift */; };
		BDDC8EEC2B98F1FB0019199C /* PropertyRentabilityView.swift in Sources */ = {isa = PBXBuildFile; fileRef = BDDC8EEB2B98F1FB0019199C /* PropertyRentabilityView.swift */; };
		BDDC8EEF2B98F5F10019199C /* DeletePropertyView.swift in Sources */ = {isa = PBXBuildFile; fileRef = BDDC8EEE2B98F5F10019199C /* DeletePropertyView.swift */; };
		BDDC8EF52B9A3DB10019199C /* AddContractView.swift in Sources */ = {isa = PBXBuildFile; fileRef = BDDC8EF42B9A3DB10019199C /* AddContractView.swift */; };
		BDDC8EF92B9A3DCF0019199C /* ContractFormView.swift in Sources */ = {isa = PBXBuildFile; fileRef = BDDC8EF82B9A3DCF0019199C /* ContractFormView.swift */; };
		BDDC8EFB2B9A40690019199C /* DeletePropertyViewModel.swift in Sources */ = {isa = PBXBuildFile; fileRef = BDDC8EFA2B9A40690019199C /* DeletePropertyViewModel.swift */; };
/* End PBXBuildFile section */

/* Begin PBXFileReference section */
		BD2970662B9B589300055870 /* PropertiesEnvironment.swift */ = {isa = PBXFileReference; lastKnownFileType = sourcecode.swift; path = PropertiesEnvironment.swift; sourceTree = "<group>"; };
		BD2970692B9C8F6600055870 /* ContractView.swift */ = {isa = PBXFileReference; lastKnownFileType = sourcecode.swift; path = ContractView.swift; sourceTree = "<group>"; };
		BD29706D2B9C905600055870 /* Contract.swift */ = {isa = PBXFileReference; lastKnownFileType = sourcecode.swift; path = Contract.swift; sourceTree = "<group>"; };
		BD29706F2B9C922500055870 /* ContractsApi.swift */ = {isa = PBXFileReference; lastKnownFileType = sourcecode.swift; path = ContractsApi.swift; sourceTree = "<group>"; };
		BD2970722B9C94D400055870 /* DateDecodingStrategy+Ext.swift */ = {isa = PBXFileReference; lastKnownFileType = sourcecode.swift; path = "DateDecodingStrategy+Ext.swift"; sourceTree = "<group>"; };
		BD2970742B9C9A5300055870 /* ContractCardViewModel.swift */ = {isa = PBXFileReference; lastKnownFileType = sourcecode.swift; path = ContractCardViewModel.swift; sourceTree = "<group>"; };
		BD2970762B9C9B0100055870 /* ContractsAlerts.swift */ = {isa = PBXFileReference; lastKnownFileType = sourcecode.swift; path = ContractsAlerts.swift; sourceTree = "<group>"; };
		BD2970782B9C9BF200055870 /* ContractEnvironment.swift */ = {isa = PBXFileReference; lastKnownFileType = sourcecode.swift; path = ContractEnvironment.swift; sourceTree = "<group>"; };
		BD29707A2B9CE2FD00055870 /* ContractFormViewModel.swift */ = {isa = PBXFileReference; lastKnownFileType = sourcecode.swift; path = ContractFormViewModel.swift; sourceTree = "<group>"; };
		BD29707D2B9CE42200055870 /* TenantFormView.swift */ = {isa = PBXFileReference; lastKnownFileType = sourcecode.swift; path = TenantFormView.swift; sourceTree = "<group>"; };
		BD2970802B9CE4BA00055870 /* ContractDataFormView.swift */ = {isa = PBXFileReference; lastKnownFileType = sourcecode.swift; path = ContractDataFormView.swift; sourceTree = "<group>"; };
		BD2970822B9CE6C600055870 /* SaveContractDto.swift */ = {isa = PBXFileReference; lastKnownFileType = sourcecode.swift; path = SaveContractDto.swift; sourceTree = "<group>"; };
		BDDC8E592B8E3EB40019199C /* RentGuard.app */ = {isa = PBXFileReference; explicitFileType = wrapper.application; includeInIndex = 0; path = RentGuard.app; sourceTree = BUILT_PRODUCTS_DIR; };
		BDDC8E5C2B8E3EB40019199C /* RentGuardApp.swift */ = {isa = PBXFileReference; lastKnownFileType = sourcecode.swift; path = RentGuardApp.swift; sourceTree = "<group>"; };
		BDDC8E5E2B8E3EB40019199C /* AuthGuard.swift */ = {isa = PBXFileReference; lastKnownFileType = sourcecode.swift; path = AuthGuard.swift; sourceTree = "<group>"; };
		BDDC8E602B8E3EB60019199C /* Assets.xcassets */ = {isa = PBXFileReference; lastKnownFileType = folder.assetcatalog; path = Assets.xcassets; sourceTree = "<group>"; };
		BDDC8E632B8E3EB60019199C /* Preview Assets.xcassets */ = {isa = PBXFileReference; lastKnownFileType = folder.assetcatalog; path = "Preview Assets.xcassets"; sourceTree = "<group>"; };
		BDDC8E6B2B8E435E0019199C /* MainView.swift */ = {isa = PBXFileReference; lastKnownFileType = sourcecode.swift; path = MainView.swift; sourceTree = "<group>"; };
		BDDC8E6E2B8E43A00019199C /* HomeView.swift */ = {isa = PBXFileReference; lastKnownFileType = sourcecode.swift; path = HomeView.swift; sourceTree = "<group>"; };
		BDDC8E712B8E43BB0019199C /* PropertiesView.swift */ = {isa = PBXFileReference; lastKnownFileType = sourcecode.swift; path = PropertiesView.swift; sourceTree = "<group>"; };
		BDDC8E742B8E43D30019199C /* AccountView.swift */ = {isa = PBXFileReference; lastKnownFileType = sourcecode.swift; path = AccountView.swift; sourceTree = "<group>"; };
		BDDC8E772B8E44DF0019199C /* AuthView.swift */ = {isa = PBXFileReference; lastKnownFileType = sourcecode.swift; path = AuthView.swift; sourceTree = "<group>"; };
		BDDC8E7F2B8E49580019199C /* Auth0.plist */ = {isa = PBXFileReference; lastKnownFileType = text.plist.xml; path = Auth0.plist; sourceTree = "<group>"; };
		BDDC8E862B8F7D700019199C /* AuthManager.swift */ = {isa = PBXFileReference; lastKnownFileType = sourcecode.swift; path = AuthManager.swift; sourceTree = "<group>"; };
		BDDC8E892B8F8ACB0019199C /* NetworkManager.swift */ = {isa = PBXFileReference; lastKnownFileType = sourcecode.swift; path = NetworkManager.swift; sourceTree = "<group>"; };
		BDDC8E8D2B8F8B310019199C /* UserApi.swift */ = {isa = PBXFileReference; lastKnownFileType = sourcecode.swift; path = UserApi.swift; sourceTree = "<group>"; };
		BDDC8E902B8F8B820019199C /* CreateUserDto.swift */ = {isa = PBXFileReference; lastKnownFileType = sourcecode.swift; path = CreateUserDto.swift; sourceTree = "<group>"; };
		BDDC8E932B8F8BC20019199C /* Role.swift */ = {isa = PBXFileReference; lastKnownFileType = sourcecode.swift; path = Role.swift; sourceTree = "<group>"; };
		BDDC8E952B8F8CEF0019199C /* NetworkError.swift */ = {isa = PBXFileReference; lastKnownFileType = sourcecode.swift; path = NetworkError.swift; sourceTree = "<group>"; };
		BDDC8E972B90DB130019199C /* User.swift */ = {isa = PBXFileReference; lastKnownFileType = sourcecode.swift; path = User.swift; sourceTree = "<group>"; };
		BDDC8E9A2B90DBBC0019199C /* HomeViewModel.swift */ = {isa = PBXFileReference; lastKnownFileType = sourcecode.swift; path = HomeViewModel.swift; sourceTree = "<group>"; };
		BDDC8E9E2B922E0A0019199C /* AlertsListView.swift */ = {isa = PBXFileReference; lastKnownFileType = sourcecode.swift; path = AlertsListView.swift; sourceTree = "<group>"; };
		BDDC8EA22B922E390019199C /* AlertCardView.swift */ = {isa = PBXFileReference; lastKnownFileType = sourcecode.swift; path = AlertCardView.swift; sourceTree = "<group>"; };
		BDDC8EA42B9232BE0019199C /* AlertListViewModel.swift */ = {isa = PBXFileReference; lastKnownFileType = sourcecode.swift; path = AlertListViewModel.swift; sourceTree = "<group>"; };
		BDDC8EA72B9251C40019199C /* LoadingView.swift */ = {isa = PBXFileReference; lastKnownFileType = sourcecode.swift; path = LoadingView.swift; sourceTree = "<group>"; };
		BDDC8EAA2B9253720019199C /* PropsMap.swift */ = {isa = PBXFileReference; lastKnownFileType = sourcecode.swift; path = PropsMap.swift; sourceTree = "<group>"; };
		BDDC8EAD2B9253BA0019199C /* AlertsApi.swift */ = {isa = PBXFileReference; lastKnownFileType = sourcecode.swift; path = AlertsApi.swift; sourceTree = "<group>"; };
		BDDC8EB02B9253DB0019199C /* UserAlert.swift */ = {isa = PBXFileReference; lastKnownFileType = sourcecode.swift; path = UserAlert.swift; sourceTree = "<group>"; };
		BDDC8EB92B9641280019199C /* PropertyCardView.swift */ = {isa = PBXFileReference; lastKnownFileType = sourcecode.swift; path = PropertyCardView.swift; sourceTree = "<group>"; };
		BDDC8EBC2B9641680019199C /* Property.swift */ = {isa = PBXFileReference; lastKnownFileType = sourcecode.swift; path = Property.swift; sourceTree = "<group>"; };
		BDDC8EBF2B9647460019199C /* PropertiesApi.swift */ = {isa = PBXFileReference; lastKnownFileType = sourcecode.swift; path = PropertiesApi.swift; sourceTree = "<group>"; };
		BDDC8EC32B9649EB0019199C /* EmptyState.swift */ = {isa = PBXFileReference; lastKnownFileType = sourcecode.swift; path = EmptyState.swift; sourceTree = "<group>"; };
		BDDC8EC62B9766990019199C /* PropertyFormView.swift */ = {isa = PBXFileReference; lastKnownFileType = sourcecode.swift; path = PropertyFormView.swift; sourceTree = "<group>"; };
		BDDC8EC82B9767DB0019199C /* PropertyFormViewModel.swift */ = {isa = PBXFileReference; lastKnownFileType = sourcecode.swift; path = PropertyFormViewModel.swift; sourceTree = "<group>"; };
		BDDC8ECE2B9776E30019199C /* PropertyDataFormView.swift */ = {isa = PBXFileReference; lastKnownFileType = sourcecode.swift; path = PropertyDataFormView.swift; sourceTree = "<group>"; };
		BDDC8ED12B9777790019199C /* DynamicFormView.swift */ = {isa = PBXFileReference; lastKnownFileType = sourcecode.swift; path = DynamicFormView.swift; sourceTree = "<group>"; };
		BDDC8ED42B97823C0019199C /* Alert.swift */ = {isa = PBXFileReference; lastKnownFileType = sourcecode.swift; path = Alert.swift; sourceTree = "<group>"; };
		BDDC8ED72B9782A40019199C /* PropertiesAlerts.swift */ = {isa = PBXFileReference; lastKnownFileType = sourcecode.swift; path = PropertiesAlerts.swift; sourceTree = "<group>"; };
		BDDC8ED92B98D7C50019199C /* SavePropertyDto.swift */ = {isa = PBXFileReference; lastKnownFileType = sourcecode.swift; path = SavePropertyDto.swift; sourceTree = "<group>"; };
		BDDC8EDC2B98E4040019199C /* PropertyDetailsView.swift */ = {isa = PBXFileReference; lastKnownFileType = sourcecode.swift; path = PropertyDetailsView.swift; sourceTree = "<group>"; };
		BDDC8EDF2B98E5590019199C /* DataCardView.swift */ = {isa = PBXFileReference; lastKnownFileType = sourcecode.swift; path = DataCardView.swift; sourceTree = "<group>"; };
		BDDC8EE22B98F0840019199C /* CarouselView.swift */ = {isa = PBXFileReference; lastKnownFileType = sourcecode.swift; path = CarouselView.swift; sourceTree = "<group>"; };
		BDDC8EE52B98F0BD0019199C /* PropertyDataCardView.swift */ = {isa = PBXFileReference; lastKnownFileType = sourcecode.swift; path = PropertyDataCardView.swift; sourceTree = "<group>"; };
		BDDC8EE82B98F1470019199C /* ContractCardView.swift */ = {isa = PBXFileReference; lastKnownFileType = sourcecode.swift; path = ContractCardView.swift; sourceTree = "<group>"; };
		BDDC8EEB2B98F1FB0019199C /* PropertyRentabilityView.swift */ = {isa = PBXFileReference; lastKnownFileType = sourcecode.swift; path = PropertyRentabilityView.swift; sourceTree = "<group>"; };
		BDDC8EEE2B98F5F10019199C /* DeletePropertyView.swift */ = {isa = PBXFileReference; lastKnownFileType = sourcecode.swift; path = DeletePropertyView.swift; sourceTree = "<group>"; };
		BDDC8EF42B9A3DB10019199C /* AddContractView.swift */ = {isa = PBXFileReference; lastKnownFileType = sourcecode.swift; path = AddContractView.swift; sourceTree = "<group>"; };
		BDDC8EF82B9A3DCF0019199C /* ContractFormView.swift */ = {isa = PBXFileReference; lastKnownFileType = sourcecode.swift; path = ContractFormView.swift; sourceTree = "<group>"; };
		BDDC8EFA2B9A40690019199C /* DeletePropertyViewModel.swift */ = {isa = PBXFileReference; lastKnownFileType = sourcecode.swift; path = DeletePropertyViewModel.swift; sourceTree = "<group>"; };
/* End PBXFileReference section */

/* Begin PBXFrameworksBuildPhase section */
		BDDC8E562B8E3EB40019199C /* Frameworks */ = {
			isa = PBXFrameworksBuildPhase;
			buildActionMask = 2147483647;
			files = (
				BDDC8E7E2B8E486E0019199C /* Auth0 in Frameworks */,
			);
			runOnlyForDeploymentPostprocessing = 0;
		};
/* End PBXFrameworksBuildPhase section */

/* Begin PBXGroup section */
		BD2970652B9B588400055870 /* Environment */ = {
			isa = PBXGroup;
			children = (
				BD2970662B9B589300055870 /* PropertiesEnvironment.swift */,
				BD2970782B9C9BF200055870 /* ContractEnvironment.swift */,
			);
			path = Environment;
			sourceTree = "<group>";
		};
		BD2970682B9C8F5300055870 /* Contract */ = {
			isa = PBXGroup;
			children = (
				BD2970692B9C8F6600055870 /* ContractView.swift */,
			);
			path = Contract;
			sourceTree = "<group>";
		};
		BD2970712B9C94C200055870 /* Extensions */ = {
			isa = PBXGroup;
			children = (
				BD2970722B9C94D400055870 /* DateDecodingStrategy+Ext.swift */,
			);
			path = Extensions;
			sourceTree = "<group>";
		};
		BD29707C2B9CE40600055870 /* TenantForm */ = {
			isa = PBXGroup;
			children = (
				BD29707D2B9CE42200055870 /* TenantFormView.swift */,
			);
			path = TenantForm;
			sourceTree = "<group>";
		};
		BD29707F2B9CE4B300055870 /* ContractDataForm */ = {
			isa = PBXGroup;
			children = (
				BD2970802B9CE4BA00055870 /* ContractDataFormView.swift */,
			);
			path = ContractDataForm;
			sourceTree = "<group>";
		};
		BDDC8E502B8E3EB40019199C = {
			isa = PBXGroup;
			children = (
				BDDC8E5B2B8E3EB40019199C /* RentGuard */,
				BDDC8E5A2B8E3EB40019199C /* Products */,
			);
			sourceTree = "<group>";
		};
		BDDC8E5A2B8E3EB40019199C /* Products */ = {
			isa = PBXGroup;
			children = (
				BDDC8E592B8E3EB40019199C /* RentGuard.app */,
			);
			name = Products;
			sourceTree = "<group>";
		};
		BDDC8E5B2B8E3EB40019199C /* RentGuard */ = {
			isa = PBXGroup;
			children = (
				BD2970712B9C94C200055870 /* Extensions */,
				BDDC8ED32B9782310019199C /* Alert */,
				BDDC8EA62B9251B70019199C /* Views */,
				BDDC8E882B8F8AC00019199C /* Networking */,
				BDDC8E732B8E43C10019199C /* Account */,
				BDDC8E702B8E43AB0019199C /* Properties */,
				BDDC8E6D2B8E436F0019199C /* Home */,
				BDDC8E832B8F7CB40019199C /* Auth */,
				BDDC8E6B2B8E435E0019199C /* MainView.swift */,
				BDDC8E5C2B8E3EB40019199C /* RentGuardApp.swift */,
				BDDC8E602B8E3EB60019199C /* Assets.xcassets */,
				BDDC8E622B8E3EB60019199C /* Preview Content */,
				BDDC8E7F2B8E49580019199C /* Auth0.plist */,
			);
			path = RentGuard;
			sourceTree = "<group>";
		};
		BDDC8E622B8E3EB60019199C /* Preview Content */ = {
			isa = PBXGroup;
			children = (
				BDDC8E632B8E3EB60019199C /* Preview Assets.xcassets */,
			);
			path = "Preview Content";
			sourceTree = "<group>";
		};
		BDDC8E6D2B8E436F0019199C /* Home */ = {
			isa = PBXGroup;
			children = (
				BDDC8EAF2B9253C50019199C /* Types */,
				BDDC8EAC2B9253AF0019199C /* Networking */,
				BDDC8E9D2B922DFB0019199C /* Views */,
				BDDC8E9C2B922DEF0019199C /* Screens */,
			);
			path = Home;
			sourceTree = "<group>";
		};
		BDDC8E702B8E43AB0019199C /* Properties */ = {
			isa = PBXGroup;
			children = (
				BD2970652B9B588400055870 /* Environment */,
				BDDC8ED62B9782990019199C /* Alerts */,
				BDDC8EBE2B9647380019199C /* Networking */,
				BDDC8EBB2B9641600019199C /* Types */,
				BDDC8EB32B9640C70019199C /* Views */,
				BDDC8EB22B963FBE0019199C /* Screens */,
			);
			path = Properties;
			sourceTree = "<group>";
		};
		BDDC8E732B8E43C10019199C /* Account */ = {
			isa = PBXGroup;
			children = (
				BDDC8E922B8F8BA70019199C /* Types */,
				BDDC8E8C2B8F8B240019199C /* Networking */,
				BDDC8E8B2B8F8B110019199C /* Screens */,
			);
			path = Account;
			sourceTree = "<group>";
		};
		BDDC8E762B8E44CF0019199C /* Auth */ = {
			isa = PBXGroup;
			children = (
				BDDC8E772B8E44DF0019199C /* AuthView.swift */,
			);
			path = Auth;
			sourceTree = "<group>";
		};
		BDDC8E792B8E46E50019199C /* AuthGuard */ = {
			isa = PBXGroup;
			children = (
				BDDC8E5E2B8E3EB40019199C /* AuthGuard.swift */,
			);
			path = AuthGuard;
			sourceTree = "<group>";
		};
		BDDC8E832B8F7CB40019199C /* Auth */ = {
			isa = PBXGroup;
			children = (
				BDDC8E852B8F7D550019199C /* Managers */,
				BDDC8E842B8F7D3F0019199C /* Views */,
			);
			path = Auth;
			sourceTree = "<group>";
		};
		BDDC8E842B8F7D3F0019199C /* Views */ = {
			isa = PBXGroup;
			children = (
				BDDC8E762B8E44CF0019199C /* Auth */,
				BDDC8E792B8E46E50019199C /* AuthGuard */,
			);
			path = Views;
			sourceTree = "<group>";
		};
		BDDC8E852B8F7D550019199C /* Managers */ = {
			isa = PBXGroup;
			children = (
				BDDC8E862B8F7D700019199C /* AuthManager.swift */,
			);
			path = Managers;
			sourceTree = "<group>";
		};
		BDDC8E882B8F8AC00019199C /* Networking */ = {
			isa = PBXGroup;
			children = (
				BDDC8E892B8F8ACB0019199C /* NetworkManager.swift */,
				BDDC8E952B8F8CEF0019199C /* NetworkError.swift */,
			);
			path = Networking;
			sourceTree = "<group>";
		};
		BDDC8E8B2B8F8B110019199C /* Screens */ = {
			isa = PBXGroup;
			children = (
				BDDC8EB82B96410F0019199C /* Account */,
			);
			path = Screens;
			sourceTree = "<group>";
		};
		BDDC8E8C2B8F8B240019199C /* Networking */ = {
			isa = PBXGroup;
			children = (
				BDDC8E8D2B8F8B310019199C /* UserApi.swift */,
			);
			path = Networking;
			sourceTree = "<group>";
		};
		BDDC8E922B8F8BA70019199C /* Types */ = {
			isa = PBXGroup;
			children = (
				BDDC8E902B8F8B820019199C /* CreateUserDto.swift */,
				BDDC8E932B8F8BC20019199C /* Role.swift */,
				BDDC8E972B90DB130019199C /* User.swift */,
			);
			path = Types;
			sourceTree = "<group>";
		};
		BDDC8E9C2B922DEF0019199C /* Screens */ = {
			isa = PBXGroup;
			children = (
				BDDC8EB52B9640ED0019199C /* Home */,
			);
			path = Screens;
			sourceTree = "<group>";
		};
		BDDC8E9D2B922DFB0019199C /* Views */ = {
			isa = PBXGroup;
			children = (
				BDDC8EA92B9253670019199C /* PropsMap */,
				BDDC8EA12B922E260019199C /* AlertCard */,
				BDDC8EA02B922E0E0019199C /* AlertsList */,
			);
			path = Views;
			sourceTree = "<group>";
		};
		BDDC8EA02B922E0E0019199C /* AlertsList */ = {
			isa = PBXGroup;
			children = (
				BDDC8E9E2B922E0A0019199C /* AlertsListView.swift */,
				BDDC8EA42B9232BE0019199C /* AlertListViewModel.swift */,
			);
			path = AlertsList;
			sourceTree = "<group>";
		};
		BDDC8EA12B922E260019199C /* AlertCard */ = {
			isa = PBXGroup;
			children = (
				BDDC8EA22B922E390019199C /* AlertCardView.swift */,
			);
			path = AlertCard;
			sourceTree = "<group>";
		};
		BDDC8EA62B9251B70019199C /* Views */ = {
			isa = PBXGroup;
			children = (
				BDDC8EA72B9251C40019199C /* LoadingView.swift */,
				BDDC8EC32B9649EB0019199C /* EmptyState.swift */,
			);
			path = Views;
			sourceTree = "<group>";
		};
		BDDC8EA92B9253670019199C /* PropsMap */ = {
			isa = PBXGroup;
			children = (
				BDDC8EAA2B9253720019199C /* PropsMap.swift */,
			);
			path = PropsMap;
			sourceTree = "<group>";
		};
		BDDC8EAC2B9253AF0019199C /* Networking */ = {
			isa = PBXGroup;
			children = (
				BDDC8EAD2B9253BA0019199C /* AlertsApi.swift */,
			);
			path = Networking;
			sourceTree = "<group>";
		};
		BDDC8EAF2B9253C50019199C /* Types */ = {
			isa = PBXGroup;
			children = (
				BDDC8EB02B9253DB0019199C /* UserAlert.swift */,
			);
			path = Types;
			sourceTree = "<group>";
		};
		BDDC8EB22B963FBE0019199C /* Screens */ = {
			isa = PBXGroup;
			children = (
				BDDC8EF72B9A3DC50019199C /* ContractForm */,
				BDDC8EDB2B98E3F00019199C /* PropertyDetails */,
				BDDC8EC52B97668E0019199C /* PropertyForm */,
				BDDC8EB72B9641020019199C /* Properties */,
			);
			path = Screens;
			sourceTree = "<group>";
		};
		BDDC8EB32B9640C70019199C /* Views */ = {
			isa = PBXGroup;
			children = (
				BD29707F2B9CE4B300055870 /* ContractDataForm */,
				BD29707C2B9CE40600055870 /* TenantForm */,
				BD2970682B9C8F5300055870 /* Contract */,
				BDDC8EF62B9A3DB70019199C /* AddContract */,
				BDDC8EED2B98F5E80019199C /* DeleteProperty */,
				BDDC8EEA2B98F1EA0019199C /* PropertyRentability */,
				BDDC8EE72B98F13A0019199C /* ContractCard */,
				BDDC8EE42B98F0B10019199C /* PropertyDataCard */,
				BDDC8EE12B98F07A0019199C /* Carousel */,
				BDDC8EDE2B98E5510019199C /* DataCard */,
				BDDC8ECD2B9776D30019199C /* PropertyDataForm */,
				BDDC8ED02B97776B0019199C /* DynamicForm */,
				BDDC8EB42B9640D00019199C /* PropertyCard */,
			);
			path = Views;
			sourceTree = "<group>";
		};
		BDDC8EB42B9640D00019199C /* PropertyCard */ = {
			isa = PBXGroup;
			children = (
				BDDC8EB92B9641280019199C /* PropertyCardView.swift */,
			);
			path = PropertyCard;
			sourceTree = "<group>";
		};
		BDDC8EB52B9640ED0019199C /* Home */ = {
			isa = PBXGroup;
			children = (
				BDDC8E6E2B8E43A00019199C /* HomeView.swift */,
				BDDC8E9A2B90DBBC0019199C /* HomeViewModel.swift */,
			);
			path = Home;
			sourceTree = "<group>";
		};
		BDDC8EB72B9641020019199C /* Properties */ = {
			isa = PBXGroup;
			children = (
				BDDC8E712B8E43BB0019199C /* PropertiesView.swift */,
			);
			path = Properties;
			sourceTree = "<group>";
		};
		BDDC8EB82B96410F0019199C /* Account */ = {
			isa = PBXGroup;
			children = (
				BDDC8E742B8E43D30019199C /* AccountView.swift */,
			);
			path = Account;
			sourceTree = "<group>";
		};
		BDDC8EBB2B9641600019199C /* Types */ = {
			isa = PBXGroup;
			children = (
				BDDC8EBC2B9641680019199C /* Property.swift */,
				BDDC8ED92B98D7C50019199C /* SavePropertyDto.swift */,
				BD29706D2B9C905600055870 /* Contract.swift */,
				BD2970822B9CE6C600055870 /* SaveContractDto.swift */,
			);
			path = Types;
			sourceTree = "<group>";
		};
		BDDC8EBE2B9647380019199C /* Networking */ = {
			isa = PBXGroup;
			children = (
				BDDC8EBF2B9647460019199C /* PropertiesApi.swift */,
				BD29706F2B9C922500055870 /* ContractsApi.swift */,
			);
			path = Networking;
			sourceTree = "<group>";
		};
		BDDC8EC52B97668E0019199C /* PropertyForm */ = {
			isa = PBXGroup;
			children = (
				BDDC8EC62B9766990019199C /* PropertyFormView.swift */,
				BDDC8EC82B9767DB0019199C /* PropertyFormViewModel.swift */,
			);
			path = PropertyForm;
			sourceTree = "<group>";
		};
		BDDC8ECD2B9776D30019199C /* PropertyDataForm */ = {
			isa = PBXGroup;
			children = (
				BDDC8ECE2B9776E30019199C /* PropertyDataFormView.swift */,
			);
			path = PropertyDataForm;
			sourceTree = "<group>";
		};
		BDDC8ED02B97776B0019199C /* DynamicForm */ = {
			isa = PBXGroup;
			children = (
				BDDC8ED12B9777790019199C /* DynamicFormView.swift */,
			);
			path = DynamicForm;
			sourceTree = "<group>";
		};
		BDDC8ED32B9782310019199C /* Alert */ = {
			isa = PBXGroup;
			children = (
				BDDC8ED42B97823C0019199C /* Alert.swift */,
			);
			path = Alert;
			sourceTree = "<group>";
		};
		BDDC8ED62B9782990019199C /* Alerts */ = {
			isa = PBXGroup;
			children = (
				BDDC8ED72B9782A40019199C /* PropertiesAlerts.swift */,
				BD2970762B9C9B0100055870 /* ContractsAlerts.swift */,
			);
			path = Alerts;
			sourceTree = "<group>";
		};
		BDDC8EDB2B98E3F00019199C /* PropertyDetails */ = {
			isa = PBXGroup;
			children = (
				BDDC8EDC2B98E4040019199C /* PropertyDetailsView.swift */,
			);
			path = PropertyDetails;
			sourceTree = "<group>";
		};
		BDDC8EDE2B98E5510019199C /* DataCard */ = {
			isa = PBXGroup;
			children = (
				BDDC8EDF2B98E5590019199C /* DataCardView.swift */,
			);
			path = DataCard;
			sourceTree = "<group>";
		};
		BDDC8EE12B98F07A0019199C /* Carousel */ = {
			isa = PBXGroup;
			children = (
				BDDC8EE22B98F0840019199C /* CarouselView.swift */,
			);
			path = Carousel;
			sourceTree = "<group>";
		};
		BDDC8EE42B98F0B10019199C /* PropertyDataCard */ = {
			isa = PBXGroup;
			children = (
				BDDC8EE52B98F0BD0019199C /* PropertyDataCardView.swift */,
			);
			path = PropertyDataCard;
			sourceTree = "<group>";
		};
		BDDC8EE72B98F13A0019199C /* ContractCard */ = {
			isa = PBXGroup;
			children = (
				BDDC8EE82B98F1470019199C /* ContractCardView.swift */,
				BD2970742B9C9A5300055870 /* ContractCardViewModel.swift */,
			);
			path = ContractCard;
			sourceTree = "<group>";
		};
		BDDC8EEA2B98F1EA0019199C /* PropertyRentability */ = {
			isa = PBXGroup;
			children = (
				BDDC8EEB2B98F1FB0019199C /* PropertyRentabilityView.swift */,
			);
			path = PropertyRentability;
			sourceTree = "<group>";
		};
		BDDC8EED2B98F5E80019199C /* DeleteProperty */ = {
			isa = PBXGroup;
			children = (
				BDDC8EEE2B98F5F10019199C /* DeletePropertyView.swift */,
				BDDC8EFA2B9A40690019199C /* DeletePropertyViewModel.swift */,
			);
			path = DeleteProperty;
			sourceTree = "<group>";
		};
		BDDC8EF62B9A3DB70019199C /* AddContract */ = {
			isa = PBXGroup;
			children = (
				BDDC8EF42B9A3DB10019199C /* AddContractView.swift */,
			);
			path = AddContract;
			sourceTree = "<group>";
		};
		BDDC8EF72B9A3DC50019199C /* ContractForm */ = {
			isa = PBXGroup;
			children = (
				BDDC8EF82B9A3DCF0019199C /* ContractFormView.swift */,
				BD29707A2B9CE2FD00055870 /* ContractFormViewModel.swift */,
			);
			path = ContractForm;
			sourceTree = "<group>";
		};
/* End PBXGroup section */

/* Begin PBXNativeTarget section */
		BDDC8E582B8E3EB40019199C /* RentGuard */ = {
			isa = PBXNativeTarget;
			buildConfigurationList = BDDC8E672B8E3EB60019199C /* Build configuration list for PBXNativeTarget "RentGuard" */;
			buildPhases = (
				BDDC8E552B8E3EB40019199C /* Sources */,
				BDDC8E562B8E3EB40019199C /* Frameworks */,
				BDDC8E572B8E3EB40019199C /* Resources */,
			);
			buildRules = (
			);
			dependencies = (
			);
			name = RentGuard;
			packageProductDependencies = (
				BDDC8E7D2B8E486E0019199C /* Auth0 */,
			);
			productName = RentGuard;
			productReference = BDDC8E592B8E3EB40019199C /* RentGuard.app */;
			productType = "com.apple.product-type.application";
		};
/* End PBXNativeTarget section */

/* Begin PBXProject section */
		BDDC8E512B8E3EB40019199C /* Project object */ = {
			isa = PBXProject;
			attributes = {
				BuildIndependentTargetsInParallel = 1;
				LastSwiftUpdateCheck = 1520;
				LastUpgradeCheck = 1520;
				TargetAttributes = {
					BDDC8E582B8E3EB40019199C = {
						CreatedOnToolsVersion = 15.2;
					};
				};
			};
			buildConfigurationList = BDDC8E542B8E3EB40019199C /* Build configuration list for PBXProject "RentGuard" */;
			compatibilityVersion = "Xcode 14.0";
			developmentRegion = en;
			hasScannedForEncodings = 0;
			knownRegions = (
				en,
				Base,
			);
			mainGroup = BDDC8E502B8E3EB40019199C;
			packageReferences = (
				BDDC8E7C2B8E486E0019199C /* XCRemoteSwiftPackageReference "Auth0.swift" */,
			);
			productRefGroup = BDDC8E5A2B8E3EB40019199C /* Products */;
			projectDirPath = "";
			projectRoot = "";
			targets = (
				BDDC8E582B8E3EB40019199C /* RentGuard */,
			);
		};
/* End PBXProject section */

/* Begin PBXResourcesBuildPhase section */
		BDDC8E572B8E3EB40019199C /* Resources */ = {
			isa = PBXResourcesBuildPhase;
			buildActionMask = 2147483647;
			files = (
				BDDC8E642B8E3EB60019199C /* Preview Assets.xcassets in Resources */,
				BDDC8E802B8E49580019199C /* Auth0.plist in Resources */,
				BDDC8E612B8E3EB60019199C /* Assets.xcassets in Resources */,
			);
			runOnlyForDeploymentPostprocessing = 0;
		};
/* End PBXResourcesBuildPhase section */

/* Begin PBXSourcesBuildPhase section */
		BDDC8E552B8E3EB40019199C /* Sources */ = {
			isa = PBXSourcesBuildPhase;
			buildActionMask = 2147483647;
			files = (
				BDDC8ED82B9782A40019199C /* PropertiesAlerts.swift in Sources */,
				BDDC8E8A2B8F8ACB0019199C /* NetworkManager.swift in Sources */,
				BDDC8E8E2B8F8B310019199C /* UserApi.swift in Sources */,
				BDDC8EE62B98F0BD0019199C /* PropertyDataCardView.swift in Sources */,
				BDDC8E9F2B922E0A0019199C /* AlertsListView.swift in Sources */,
				BDDC8EE92B98F1470019199C /* ContractCardView.swift in Sources */,
				BDDC8EFB2B9A40690019199C /* DeletePropertyViewModel.swift in Sources */,
				BD2970792B9C9BF200055870 /* ContractEnvironment.swift in Sources */,
				BD29707B2B9CE2FD00055870 /* ContractFormViewModel.swift in Sources */,
				BDDC8ED22B9777790019199C /* DynamicFormView.swift in Sources */,
				BDDC8E782B8E44DF0019199C /* AuthView.swift in Sources */,
				BD2970832B9CE6C700055870 /* SaveContractDto.swift in Sources */,
				BDDC8E872B8F7D710019199C /* AuthManager.swift in Sources */,
				BDDC8EE02B98E5590019199C /* DataCardView.swift in Sources */,
				BDDC8EA32B922E390019199C /* AlertCardView.swift in Sources */,
				BDDC8EF92B9A3DCF0019199C /* ContractFormView.swift in Sources */,
				BD2970672B9B589300055870 /* PropertiesEnvironment.swift in Sources */,
				BDDC8EBD2B9641680019199C /* Property.swift in Sources */,
				BD2970772B9C9B0100055870 /* ContractsAlerts.swift in Sources */,
				BDDC8E752B8E43D30019199C /* AccountView.swift in Sources */,
				BD29706E2B9C905600055870 /* Contract.swift in Sources */,
				BDDC8E722B8E43BB0019199C /* PropertiesView.swift in Sources */,
				BDDC8E982B90DB130019199C /* User.swift in Sources */,
				BDDC8E912B8F8B820019199C /* CreateUserDto.swift in Sources */,
				BDDC8EC02B9647460019199C /* PropertiesApi.swift in Sources */,
				BDDC8E5F2B8E3EB40019199C /* AuthGuard.swift in Sources */,
				BDDC8E6F2B8E43A00019199C /* HomeView.swift in Sources */,
				BDDC8EC42B9649EB0019199C /* EmptyState.swift in Sources */,
				BDDC8EDA2B98D7C50019199C /* SavePropertyDto.swift in Sources */,
				BDDC8EC92B9767DB0019199C /* PropertyFormViewModel.swift in Sources */,
				BDDC8E6C2B8E435E0019199C /* MainView.swift in Sources */,
				BDDC8EC72B9766990019199C /* PropertyFormView.swift in Sources */,
				BDDC8EB12B9253DB0019199C /* UserAlert.swift in Sources */,
				BDDC8E962B8F8CEF0019199C /* NetworkError.swift in Sources */,
				BDDC8EE32B98F0840019199C /* CarouselView.swift in Sources */,
				BDDC8EAE2B9253BA0019199C /* AlertsApi.swift in Sources */,
				BDDC8EBA2B9641280019199C /* PropertyCardView.swift in Sources */,
				BDDC8ECF2B9776E30019199C /* PropertyDataFormView.swift in Sources */,
				BDDC8EEC2B98F1FB0019199C /* PropertyRentabilityView.swift in Sources */,
				BDDC8E5D2B8E3EB40019199C /* RentGuardApp.swift in Sources */,
				BDDC8EEF2B98F5F10019199C /* DeletePropertyView.swift in Sources */,
				BD29707E2B9CE42200055870 /* TenantFormView.swift in Sources */,
				BDDC8EA52B9232BE0019199C /* AlertListViewModel.swift in Sources */,
				BD2970812B9CE4BA00055870 /* ContractDataFormView.swift in Sources */,
				BD2970752B9C9A5300055870 /* ContractCardViewModel.swift in Sources */,
				BD29706A2B9C8F6600055870 /* ContractView.swift in Sources */,
				BDDC8EF52B9A3DB10019199C /* AddContractView.swift in Sources */,
				BD2970702B9C922500055870 /* ContractsApi.swift in Sources */,
				BDDC8E9B2B90DBBC0019199C /* HomeViewModel.swift in Sources */,
				BDDC8EA82B9251C40019199C /* LoadingView.swift in Sources */,
				BDDC8E942B8F8BC20019199C /* Role.swift in Sources */,
				BDDC8ED52B97823C0019199C /* Alert.swift in Sources */,
				BD2970732B9C94D400055870 /* DateDecodingStrategy+Ext.swift in Sources */,
				BDDC8EAB2B9253720019199C /* PropsMap.swift in Sources */,
				BDDC8EDD2B98E4040019199C /* PropertyDetailsView.swift in Sources */,
			);
			runOnlyForDeploymentPostprocessing = 0;
		};
/* End PBXSourcesBuildPhase section */

/* Begin XCBuildConfiguration section */
		BDDC8E652B8E3EB60019199C /* Debug */ = {
			isa = XCBuildConfiguration;
			buildSettings = {
				ALWAYS_SEARCH_USER_PATHS = NO;
				ASSETCATALOG_COMPILER_GENERATE_SWIFT_ASSET_SYMBOL_EXTENSIONS = YES;
				CLANG_ANALYZER_NONNULL = YES;
				CLANG_ANALYZER_NUMBER_OBJECT_CONVERSION = YES_AGGRESSIVE;
				CLANG_CXX_LANGUAGE_STANDARD = "gnu++20";
				CLANG_ENABLE_MODULES = YES;
				CLANG_ENABLE_OBJC_ARC = YES;
				CLANG_ENABLE_OBJC_WEAK = YES;
				CLANG_WARN_BLOCK_CAPTURE_AUTORELEASING = YES;
				CLANG_WARN_BOOL_CONVERSION = YES;
				CLANG_WARN_COMMA = YES;
				CLANG_WARN_CONSTANT_CONVERSION = YES;
				CLANG_WARN_DEPRECATED_OBJC_IMPLEMENTATIONS = YES;
				CLANG_WARN_DIRECT_OBJC_ISA_USAGE = YES_ERROR;
				CLANG_WARN_DOCUMENTATION_COMMENTS = YES;
				CLANG_WARN_EMPTY_BODY = YES;
				CLANG_WARN_ENUM_CONVERSION = YES;
				CLANG_WARN_INFINITE_RECURSION = YES;
				CLANG_WARN_INT_CONVERSION = YES;
				CLANG_WARN_NON_LITERAL_NULL_CONVERSION = YES;
				CLANG_WARN_OBJC_IMPLICIT_RETAIN_SELF = YES;
				CLANG_WARN_OBJC_LITERAL_CONVERSION = YES;
				CLANG_WARN_OBJC_ROOT_CLASS = YES_ERROR;
				CLANG_WARN_QUOTED_INCLUDE_IN_FRAMEWORK_HEADER = YES;
				CLANG_WARN_RANGE_LOOP_ANALYSIS = YES;
				CLANG_WARN_STRICT_PROTOTYPES = YES;
				CLANG_WARN_SUSPICIOUS_MOVE = YES;
				CLANG_WARN_UNGUARDED_AVAILABILITY = YES_AGGRESSIVE;
				CLANG_WARN_UNREACHABLE_CODE = YES;
				CLANG_WARN__DUPLICATE_METHOD_MATCH = YES;
				COPY_PHASE_STRIP = NO;
				DEBUG_INFORMATION_FORMAT = dwarf;
				ENABLE_STRICT_OBJC_MSGSEND = YES;
				ENABLE_TESTABILITY = YES;
				ENABLE_USER_SCRIPT_SANDBOXING = YES;
				GCC_C_LANGUAGE_STANDARD = gnu17;
				GCC_DYNAMIC_NO_PIC = NO;
				GCC_NO_COMMON_BLOCKS = YES;
				GCC_OPTIMIZATION_LEVEL = 0;
				GCC_PREPROCESSOR_DEFINITIONS = (
					"DEBUG=1",
					"$(inherited)",
				);
				GCC_WARN_64_TO_32_BIT_CONVERSION = YES;
				GCC_WARN_ABOUT_RETURN_TYPE = YES_ERROR;
				GCC_WARN_UNDECLARED_SELECTOR = YES;
				GCC_WARN_UNINITIALIZED_AUTOS = YES_AGGRESSIVE;
				GCC_WARN_UNUSED_FUNCTION = YES;
				GCC_WARN_UNUSED_VARIABLE = YES;
				IPHONEOS_DEPLOYMENT_TARGET = 17.2;
				LOCALIZATION_PREFERS_STRING_CATALOGS = YES;
				MTL_ENABLE_DEBUG_INFO = INCLUDE_SOURCE;
				MTL_FAST_MATH = YES;
				ONLY_ACTIVE_ARCH = YES;
				SDKROOT = iphoneos;
				SWIFT_ACTIVE_COMPILATION_CONDITIONS = "DEBUG $(inherited)";
				SWIFT_OPTIMIZATION_LEVEL = "-Onone";
			};
			name = Debug;
		};
		BDDC8E662B8E3EB60019199C /* Release */ = {
			isa = XCBuildConfiguration;
			buildSettings = {
				ALWAYS_SEARCH_USER_PATHS = NO;
				ASSETCATALOG_COMPILER_GENERATE_SWIFT_ASSET_SYMBOL_EXTENSIONS = YES;
				CLANG_ANALYZER_NONNULL = YES;
				CLANG_ANALYZER_NUMBER_OBJECT_CONVERSION = YES_AGGRESSIVE;
				CLANG_CXX_LANGUAGE_STANDARD = "gnu++20";
				CLANG_ENABLE_MODULES = YES;
				CLANG_ENABLE_OBJC_ARC = YES;
				CLANG_ENABLE_OBJC_WEAK = YES;
				CLANG_WARN_BLOCK_CAPTURE_AUTORELEASING = YES;
				CLANG_WARN_BOOL_CONVERSION = YES;
				CLANG_WARN_COMMA = YES;
				CLANG_WARN_CONSTANT_CONVERSION = YES;
				CLANG_WARN_DEPRECATED_OBJC_IMPLEMENTATIONS = YES;
				CLANG_WARN_DIRECT_OBJC_ISA_USAGE = YES_ERROR;
				CLANG_WARN_DOCUMENTATION_COMMENTS = YES;
				CLANG_WARN_EMPTY_BODY = YES;
				CLANG_WARN_ENUM_CONVERSION = YES;
				CLANG_WARN_INFINITE_RECURSION = YES;
				CLANG_WARN_INT_CONVERSION = YES;
				CLANG_WARN_NON_LITERAL_NULL_CONVERSION = YES;
				CLANG_WARN_OBJC_IMPLICIT_RETAIN_SELF = YES;
				CLANG_WARN_OBJC_LITERAL_CONVERSION = YES;
				CLANG_WARN_OBJC_ROOT_CLASS = YES_ERROR;
				CLANG_WARN_QUOTED_INCLUDE_IN_FRAMEWORK_HEADER = YES;
				CLANG_WARN_RANGE_LOOP_ANALYSIS = YES;
				CLANG_WARN_STRICT_PROTOTYPES = YES;
				CLANG_WARN_SUSPICIOUS_MOVE = YES;
				CLANG_WARN_UNGUARDED_AVAILABILITY = YES_AGGRESSIVE;
				CLANG_WARN_UNREACHABLE_CODE = YES;
				CLANG_WARN__DUPLICATE_METHOD_MATCH = YES;
				COPY_PHASE_STRIP = NO;
				DEBUG_INFORMATION_FORMAT = "dwarf-with-dsym";
				ENABLE_NS_ASSERTIONS = NO;
				ENABLE_STRICT_OBJC_MSGSEND = YES;
				ENABLE_USER_SCRIPT_SANDBOXING = YES;
				GCC_C_LANGUAGE_STANDARD = gnu17;
				GCC_NO_COMMON_BLOCKS = YES;
				GCC_WARN_64_TO_32_BIT_CONVERSION = YES;
				GCC_WARN_ABOUT_RETURN_TYPE = YES_ERROR;
				GCC_WARN_UNDECLARED_SELECTOR = YES;
				GCC_WARN_UNINITIALIZED_AUTOS = YES_AGGRESSIVE;
				GCC_WARN_UNUSED_FUNCTION = YES;
				GCC_WARN_UNUSED_VARIABLE = YES;
				IPHONEOS_DEPLOYMENT_TARGET = 17.2;
				LOCALIZATION_PREFERS_STRING_CATALOGS = YES;
				MTL_ENABLE_DEBUG_INFO = NO;
				MTL_FAST_MATH = YES;
				SDKROOT = iphoneos;
				SWIFT_COMPILATION_MODE = wholemodule;
				VALIDATE_PRODUCT = YES;
			};
			name = Release;
		};
		BDDC8E682B8E3EB60019199C /* Debug */ = {
			isa = XCBuildConfiguration;
			buildSettings = {
				ASSETCATALOG_COMPILER_APPICON_NAME = AppIcon;
				ASSETCATALOG_COMPILER_GLOBAL_ACCENT_COLOR_NAME = AccentColor;
				CODE_SIGN_STYLE = Automatic;
				CURRENT_PROJECT_VERSION = 1;
				DEVELOPMENT_ASSET_PATHS = "\"RentGuard/Preview Content\"";
				ENABLE_PREVIEWS = YES;
				GENERATE_INFOPLIST_FILE = YES;
				INFOPLIST_KEY_UIApplicationSceneManifest_Generation = YES;
				INFOPLIST_KEY_UIApplicationSupportsIndirectInputEvents = YES;
				INFOPLIST_KEY_UILaunchScreen_Generation = YES;
				INFOPLIST_KEY_UISupportedInterfaceOrientations_iPad = "UIInterfaceOrientationPortrait UIInterfaceOrientationPortraitUpsideDown UIInterfaceOrientationLandscapeLeft UIInterfaceOrientationLandscapeRight";
				INFOPLIST_KEY_UISupportedInterfaceOrientations_iPhone = "UIInterfaceOrientationPortrait UIInterfaceOrientationLandscapeLeft UIInterfaceOrientationLandscapeRight";
				LD_RUNPATH_SEARCH_PATHS = (
					"$(inherited)",
					"@executable_path/Frameworks",
				);
				MARKETING_VERSION = 1.0;
				PRODUCT_BUNDLE_IDENTIFIER = maksimsobolev.RentGuard;
				PRODUCT_NAME = "$(TARGET_NAME)";
				SWIFT_EMIT_LOC_STRINGS = YES;
				SWIFT_VERSION = 5.0;
				TARGETED_DEVICE_FAMILY = "1,2";
			};
			name = Debug;
		};
		BDDC8E692B8E3EB60019199C /* Release */ = {
			isa = XCBuildConfiguration;
			buildSettings = {
				ASSETCATALOG_COMPILER_APPICON_NAME = AppIcon;
				ASSETCATALOG_COMPILER_GLOBAL_ACCENT_COLOR_NAME = AccentColor;
				CODE_SIGN_STYLE = Automatic;
				CURRENT_PROJECT_VERSION = 1;
				DEVELOPMENT_ASSET_PATHS = "\"RentGuard/Preview Content\"";
				ENABLE_PREVIEWS = YES;
				GENERATE_INFOPLIST_FILE = YES;
				INFOPLIST_KEY_UIApplicationSceneManifest_Generation = YES;
				INFOPLIST_KEY_UIApplicationSupportsIndirectInputEvents = YES;
				INFOPLIST_KEY_UILaunchScreen_Generation = YES;
				INFOPLIST_KEY_UISupportedInterfaceOrientations_iPad = "UIInterfaceOrientationPortrait UIInterfaceOrientationPortraitUpsideDown UIInterfaceOrientationLandscapeLeft UIInterfaceOrientationLandscapeRight";
				INFOPLIST_KEY_UISupportedInterfaceOrientations_iPhone = "UIInterfaceOrientationPortrait UIInterfaceOrientationLandscapeLeft UIInterfaceOrientationLandscapeRight";
				LD_RUNPATH_SEARCH_PATHS = (
					"$(inherited)",
					"@executable_path/Frameworks",
				);
				MARKETING_VERSION = 1.0;
				PRODUCT_BUNDLE_IDENTIFIER = maksimsobolev.RentGuard;
				PRODUCT_NAME = "$(TARGET_NAME)";
				SWIFT_EMIT_LOC_STRINGS = YES;
				SWIFT_VERSION = 5.0;
				TARGETED_DEVICE_FAMILY = "1,2";
			};
			name = Release;
		};
/* End XCBuildConfiguration section */

/* Begin XCConfigurationList section */
		BDDC8E542B8E3EB40019199C /* Build configuration list for PBXProject "RentGuard" */ = {
			isa = XCConfigurationList;
			buildConfigurations = (
				BDDC8E652B8E3EB60019199C /* Debug */,
				BDDC8E662B8E3EB60019199C /* Release */,
			);
			defaultConfigurationIsVisible = 0;
			defaultConfigurationName = Release;
		};
		BDDC8E672B8E3EB60019199C /* Build configuration list for PBXNativeTarget "RentGuard" */ = {
			isa = XCConfigurationList;
			buildConfigurations = (
				BDDC8E682B8E3EB60019199C /* Debug */,
				BDDC8E692B8E3EB60019199C /* Release */,
			);
			defaultConfigurationIsVisible = 0;
			defaultConfigurationName = Release;
		};
/* End XCConfigurationList section */

/* Begin XCRemoteSwiftPackageReference section */
		BDDC8E7C2B8E486E0019199C /* XCRemoteSwiftPackageReference "Auth0.swift" */ = {
			isa = XCRemoteSwiftPackageReference;
			repositoryURL = "https://github.com/auth0/Auth0.swift.git";
			requirement = {
				kind = upToNextMinorVersion;
				minimumVersion = 2.5.0;
			};
		};
/* End XCRemoteSwiftPackageReference section */

/* Begin XCSwiftPackageProductDependency section */
		BDDC8E7D2B8E486E0019199C /* Auth0 */ = {
			isa = XCSwiftPackageProductDependency;
			package = BDDC8E7C2B8E486E0019199C /* XCRemoteSwiftPackageReference "Auth0.swift" */;
			productName = Auth0;
		};
/* End XCSwiftPackageProductDependency section */
	};
	rootObject = BDDC8E512B8E3EB40019199C /* Project object */;
}
